
Microsoft Visual Studio Solution File, Format Version 12.00
# Visual Studio 2013
VisualStudioVersion = 12.0.21005.1
MinimumVisualStudioVersion = 10.0.40219.1
Project("{2150E333-8FDC-42A3-9474-1A3956D46DE8}") = "Engine", "Engine", "{CB1D0ACB-74A6-47CD-A96D-836AF5128C52}"
EndProject
Project("{2150E333-8FDC-42A3-9474-1A3956D46DE8}") = "Games", "Games", "{E3F9E040-9294-4F5B-82A3-F40AE5218871}"
EndProject
Project("{8BC9CEB8-8B4A-11D0-8D11-00A0C91BC942}") = "SpaceRace", "Intermediate\ProjectFiles\SpaceRace.vcxproj", "{93F201E2-4FCE-48D7-8F6A-5A73F45BE9B1}"
EndProject
Project("{8BC9CEB8-8B4A-11D0-8D11-00A0C91BC942}") = "UE4", "Intermediate\ProjectFiles\UE4.vcxproj", "{9DB4D142-7B50-4A2B-92D1-E2AA96FF5955}"
EndProject
Global
	GlobalSection(SolutionConfigurationPlatforms) = preSolution
		DebugGame Editor|Windows = DebugGame Editor|Windows
		DebugGame|Windows = DebugGame|Windows
		Development Editor|Windows = Development Editor|Windows
		Development|Windows = Development|Windows
		Shipping|Windows = Shipping|Windows
	EndGlobalSection
	GlobalSection(ProjectConfigurationPlatforms) = postSolution
		{93F201E2-4FCE-48D7-8F6A-5A73F45BE9B1}.DebugGame Editor|Windows.ActiveCfg = DebugGame_Editor|x64
		{93F201E2-4FCE-48D7-8F6A-5A73F45BE9B1}.DebugGame Editor|Windows.Build.0 = DebugGame_Editor|x64
		{93F201E2-4FCE-48D7-8F6A-5A73F45BE9B1}.DebugGame|Windows.ActiveCfg = DebugGame_Game|x64
		{93F201E2-4FCE-48D7-8F6A-5A73F45BE9B1}.DebugGame|Windows.Build.0 = DebugGame_Game|x64
		{93F201E2-4FCE-48D7-8F6A-5A73F45BE9B1}.Development Editor|Windows.ActiveCfg = Development_Editor|x64
		{93F201E2-4FCE-48D7-8F6A-5A73F45BE9B1}.Development Editor|Windows.Build.0 = Development_Editor|x64
		{93F201E2-4FCE-48D7-8F6A-5A73F45BE9B1}.Development|Windows.ActiveCfg = Development_Game|x64
		{93F201E2-4FCE-48D7-8F6A-5A73F45BE9B1}.Development|Windows.Build.0 = Development_Game|x64
		{93F201E2-4FCE-48D7-8F6A-5A73F45BE9B1}.Shipping|Windows.ActiveCfg = Shipping_Game|Win32
		{93F201E2-4FCE-48D7-8F6A-5A73F45BE9B1}.Shipping|Windows.Build.0 = Shipping_Game|Win32
		{9DB4D142-7B50-4A2B-92D1-E2AA96FF5955}.DebugGame Editor|Windows.ActiveCfg = BuiltWithUnrealBuildTool|Win32
		{9DB4D142-7B50-4A2B-92D1-E2AA96FF5955}.DebugGame|Windows.ActiveCfg = BuiltWithUnrealBuildTool|Win32
		{9DB4D142-7B50-4A2B-92D1-E2AA96FF5955}.Development Editor|Windows.ActiveCfg = BuiltWithUnrealBuildTool|Win32
		{9DB4D142-7B50-4A2B-92D1-E2AA96FF5955}.Development|Windows.ActiveCfg = BuiltWithUnrealBuildTool|Win32
		{9DB4D142-7B50-4A2B-92D1-E2AA96FF5955}.Shipping|Windows.ActiveCfg = BuiltWithUnrealBuildTool|Win32
	EndGlobalSection
	GlobalSection(SolutionProperties) = preSolution
		HideSolutionNode = FALSE
	EndGlobalSection
	GlobalSection(NestedProjects) = preSolution
		{9DB4D142-7B50-4A2B-92D1-E2AA96FF5955} = {CB1D0ACB-74A6-47CD-A96D-836AF5128C52}
		{93F201E2-4FCE-48D7-8F6A-5A73F45BE9B1} = {E3F9E040-9294-4F5B-82A3-F40AE5218871}
	EndGlobalSection
EndGlobal
